
Microsoft Visual Studio Solution File, Format Version 12.00
# Visual Studio Version 17
VisualStudioVersion = 17.10.35013.160
MinimumVisualStudioVersion = 10.0.40219.1
Project("{FAE04EC0-301F-11D3-BF4B-00C04F79EFBC}") = "CostKeeper.Core", "CostKeeper.Core\CostKeeper.Core.csproj", "{5B88163A-B1A1-4F30-928B-2D0A053D8644}"
EndProject
Project("{FAE04EC0-301F-11D3-BF4B-00C04F79EFBC}") = "CostKeeper.Console", "CostKeeper.Console\CostKeeper.Console.csproj", "{610B768F-F651-4869-B632-E9C1135404DB}"
EndProject
Project("{FAE04EC0-301F-11D3-BF4B-00C04F79EFBC}") = "CostKeeper.Api", "CostKeeper.Api\CostKeeper.Api.csproj", "{CEC73291-265F-451F-91EC-A266C1F5A075}"
EndProject
Global
	GlobalSection(SolutionConfigurationPlatforms) = preSolution
		Debug|Any CPU = Debug|Any CPU
		Release|Any CPU = Release|Any CPU
	EndGlobalSection
	GlobalSection(ProjectConfigurationPlatforms) = postSolution
		{5B88163A-B1A1-4F30-928B-2D0A053D8644}.Debug|Any CPU.ActiveCfg = Debug|Any CPU
		{5B88163A-B1A1-4F30-928B-2D0A053D8644}.Debug|Any CPU.Build.0 = Debug|Any CPU
		{5B88163A-B1A1-4F30-928B-2D0A053D8644}.Release|Any CPU.ActiveCfg = Release|Any CPU
		{5B88163A-B1A1-4F30-928B-2D0A053D8644}.Release|Any CPU.Build.0 = Release|Any CPU
		{610B768F-F651-4869-B632-E9C1135404DB}.Debug|Any CPU.ActiveCfg = Debug|Any CPU
		{610B768F-F651-4869-B632-E9C1135404DB}.Debug|Any CPU.Build.0 = Debug|Any CPU
		{610B768F-F651-4869-B632-E9C1135404DB}.Release|Any CPU.ActiveCfg = Release|Any CPU
		{610B768F-F651-4869-B632-E9C1135404DB}.Release|Any CPU.Build.0 = Release|Any CPU
		{CEC73291-265F-451F-91EC-A266C1F5A075}.Debug|Any CPU.ActiveCfg = Debug|Any CPU
		{CEC73291-265F-451F-91EC-A266C1F5A075}.Debug|Any CPU.Build.0 = Debug|Any CPU
		{CEC73291-265F-451F-91EC-A266C1F5A075}.Release|Any CPU.ActiveCfg = Release|Any CPU
		{CEC73291-265F-451F-91EC-A266C1F5A075}.Release|Any CPU.Build.0 = Release|Any CPU
	EndGlobalSection
	GlobalSection(SolutionProperties) = preSolution
		HideSolutionNode = FALSE
	EndGlobalSection
	GlobalSection(ExtensibilityGlobals) = postSolution
		SolutionGuid = {A6DC4AAC-1122-4573-AD05-6820FA755FC4}
	EndGlobalSection
EndGlobal
